
Microsoft Visual Studio Solution File, Format Version 12.00
# Visual Studio 15
VisualStudioVersion = 15.0.28307.1209
MinimumVisualStudioVersion = 10.0.40219.1
Project("{8BC9CEB8-8B4A-11D0-8D11-00A0C91BC942}") = "logging", "logging\logging.vcxproj", "{917836A4-0DDC-47BE-B930-1B3BFDF6C940}"
EndProject
Project("{2150E333-8FDC-42A3-9474-1A3956D46DE8}") = "demos", "demos", "{043D21D8-AD7E-4206-A8E6-6E97366A6373}"
EndProject
Project("{8BC9CEB8-8B4A-11D0-8D11-00A0C91BC942}") = "demo1", "demos\demo1\demo1.vcxproj", "{710004AD-BD18-4DCD-93DA-19735408155C}"
EndProject
Project("{8BC9CEB8-8B4A-11D0-8D11-00A0C91BC942}") = "demo2", "demos\demo2\demo2.vcxproj", "{A69A008D-1E45-4D2B-88F0-32BD6E48F452}"
EndProject
Project("{8BC9CEB8-8B4A-11D0-8D11-00A0C91BC942}") = "demo3", "demos\demo3\demo3.vcxproj", "{B51BE250-D348-4BA9-B7B2-247F9150C9B3}"
	ProjectSection(ProjectDependencies) = postProject
		{917836A4-0DDC-47BE-B930-1B3BFDF6C940} = {917836A4-0DDC-47BE-B930-1B3BFDF6C940}
	EndProjectSection
EndProject
Project("{8BC9CEB8-8B4A-11D0-8D11-00A0C91BC942}") = "demo4", "demos\demo4\demo4.vcxproj", "{7C7B6F4B-451F-470B-B76C-DDB00BA7F9BF}"
	ProjectSection(ProjectDependencies) = postProject
		{917836A4-0DDC-47BE-B930-1B3BFDF6C940} = {917836A4-0DDC-47BE-B930-1B3BFDF6C940}
	EndProjectSection
EndProject
Project("{8BC9CEB8-8B4A-11D0-8D11-00A0C91BC942}") = "demo5", "demos\demo5\demo5.vcxproj", "{CCC5F26B-2AA0-43FF-B7D4-BEACD95C35EA}"
EndProject
Project("{8BC9CEB8-8B4A-11D0-8D11-00A0C91BC942}") = "demo6", "demos\demo6\demo6.vcxproj", "{F998E15A-8E97-48EC-8563-90FBB523B674}"
EndProject
Project("{8BC9CEB8-8B4A-11D0-8D11-00A0C91BC942}") = "demo7", "demos\demo7\demo7.vcxproj", "{46B1728B-44FF-453E-823F-22E88226364D}"
EndProject
Project("{8BC9CEB8-8B4A-11D0-8D11-00A0C91BC942}") = "demo8", "demos\demo8\demo8.vcxproj", "{17C4424B-8B7E-41B7-98B6-861AFC900DC7}"
EndProject
Project("{8BC9CEB8-8B4A-11D0-8D11-00A0C91BC942}") = "demo9", "demos\demo9\demo9.vcxproj", "{EF058030-0183-4820-899E-F8390036EBD7}"
	ProjectSection(ProjectDependencies) = postProject
		{917836A4-0DDC-47BE-B930-1B3BFDF6C940} = {917836A4-0DDC-47BE-B930-1B3BFDF6C940}
	EndProjectSection
EndProject
Global
	GlobalSection(SolutionConfigurationPlatforms) = preSolution
		Debug_Unicode|x64 = Debug_Unicode|x64
		Debug_Unicode|x86 = Debug_Unicode|x86
		Debug|x64 = Debug|x64
		Debug|x86 = Debug|x86
		Release_Unicode|x64 = Release_Unicode|x64
		Release_Unicode|x86 = Release_Unicode|x86
		Release|x64 = Release|x64
		Release|x86 = Release|x86
	EndGlobalSection
	GlobalSection(ProjectConfigurationPlatforms) = postSolution
		{917836A4-0DDC-47BE-B930-1B3BFDF6C940}.Debug_Unicode|x64.ActiveCfg = Debug|x64
		{917836A4-0DDC-47BE-B930-1B3BFDF6C940}.Debug_Unicode|x64.Build.0 = Debug|x64
		{917836A4-0DDC-47BE-B930-1B3BFDF6C940}.Debug_Unicode|x86.ActiveCfg = Debug_Unicode|Win32
		{917836A4-0DDC-47BE-B930-1B3BFDF6C940}.Debug_Unicode|x86.Build.0 = Debug_Unicode|Win32
		{917836A4-0DDC-47BE-B930-1B3BFDF6C940}.Debug|x64.ActiveCfg = Debug|x64
		{917836A4-0DDC-47BE-B930-1B3BFDF6C940}.Debug|x64.Build.0 = Debug|x64
		{917836A4-0DDC-47BE-B930-1B3BFDF6C940}.Debug|x86.ActiveCfg = Debug|Win32
		{917836A4-0DDC-47BE-B930-1B3BFDF6C940}.Debug|x86.Build.0 = Debug|Win32
		{917836A4-0DDC-47BE-B930-1B3BFDF6C940}.Release_Unicode|x64.ActiveCfg = Release_Unicode|x64
		{917836A4-0DDC-47BE-B930-1B3BFDF6C940}.Release_Unicode|x64.Build.0 = Release_Unicode|x64
		{917836A4-0DDC-47BE-B930-1B3BFDF6C940}.Release_Unicode|x86.ActiveCfg = Release_Unicode|Win32
		{917836A4-0DDC-47BE-B930-1B3BFDF6C940}.Release_Unicode|x86.Build.0 = Release_Unicode|Win32
		{917836A4-0DDC-47BE-B930-1B3BFDF6C940}.Release|x64.ActiveCfg = Release|x64
		{917836A4-0DDC-47BE-B930-1B3BFDF6C940}.Release|x64.Build.0 = Release|x64
		{917836A4-0DDC-47BE-B930-1B3BFDF6C940}.Release|x86.ActiveCfg = Release|Win32
		{917836A4-0DDC-47BE-B930-1B3BFDF6C940}.Release|x86.Build.0 = Release|Win32
		{710004AD-BD18-4DCD-93DA-19735408155C}.Debug_Unicode|x64.ActiveCfg = Debug|x64
		{710004AD-BD18-4DCD-93DA-19735408155C}.Debug_Unicode|x64.Build.0 = Debug|x64
		{710004AD-BD18-4DCD-93DA-19735408155C}.Debug_Unicode|x86.ActiveCfg = Debug|Win32
		{710004AD-BD18-4DCD-93DA-19735408155C}.Debug_Unicode|x86.Build.0 = Debug|Win32
		{710004AD-BD18-4DCD-93DA-19735408155C}.Debug|x64.ActiveCfg = Debug|x64
		{710004AD-BD18-4DCD-93DA-19735408155C}.Debug|x64.Build.0 = Debug|x64
		{710004AD-BD18-4DCD-93DA-19735408155C}.Debug|x86.ActiveCfg = Debug|Win32
		{710004AD-BD18-4DCD-93DA-19735408155C}.Debug|x86.Build.0 = Debug|Win32
		{710004AD-BD18-4DCD-93DA-19735408155C}.Release_Unicode|x64.ActiveCfg = Release|x64
		{710004AD-BD18-4DCD-93DA-19735408155C}.Release_Unicode|x64.Build.0 = Release|x64
		{710004AD-BD18-4DCD-93DA-19735408155C}.Release_Unicode|x86.ActiveCfg = Release|Win32
		{710004AD-BD18-4DCD-93DA-19735408155C}.Release_Unicode|x86.Build.0 = Release|Win32
		{710004AD-BD18-4DCD-93DA-19735408155C}.Release|x64.ActiveCfg = Release|x64
		{710004AD-BD18-4DCD-93DA-19735408155C}.Release|x64.Build.0 = Release|x64
		{710004AD-BD18-4DCD-93DA-19735408155C}.Release|x86.ActiveCfg = Release|Win32
		{710004AD-BD18-4DCD-93DA-19735408155C}.Release|x86.Build.0 = Release|Win32
		{A69A008D-1E45-4D2B-88F0-32BD6E48F452}.Debug_Unicode|x64.ActiveCfg = Debug|x64
		{A69A008D-1E45-4D2B-88F0-32BD6E48F452}.Debug_Unicode|x64.Build.0 = Debug|x64
		{A69A008D-1E45-4D2B-88F0-32BD6E48F452}.Debug_Unicode|x86.ActiveCfg = Debug|Win32
		{A69A008D-1E45-4D2B-88F0-32BD6E48F452}.Debug_Unicode|x86.Build.0 = Debug|Win32
		{A69A008D-1E45-4D2B-88F0-32BD6E48F452}.Debug|x64.ActiveCfg = Debug|x64
		{A69A008D-1E45-4D2B-88F0-32BD6E48F452}.Debug|x64.Build.0 = Debug|x64
		{A69A008D-1E45-4D2B-88F0-32BD6E48F452}.Debug|x86.ActiveCfg = Debug|Win32
		{A69A008D-1E45-4D2B-88F0-32BD6E48F452}.Debug|x86.Build.0 = Debug|Win32
		{A69A008D-1E45-4D2B-88F0-32BD6E48F452}.Release_Unicode|x64.ActiveCfg = Release|x64
		{A69A008D-1E45-4D2B-88F0-32BD6E48F452}.Release_Unicode|x64.Build.0 = Release|x64
		{A69A008D-1E45-4D2B-88F0-32BD6E48F452}.Release_Unicode|x86.ActiveCfg = Release|Win32
		{A69A008D-1E45-4D2B-88F0-32BD6E48F452}.Release_Unicode|x86.Build.0 = Release|Win32
		{A69A008D-1E45-4D2B-88F0-32BD6E48F452}.Release|x64.ActiveCfg = Release|x64
		{A69A008D-1E45-4D2B-88F0-32BD6E48F452}.Release|x64.Build.0 = Release|x64
		{A69A008D-1E45-4D2B-88F0-32BD6E48F452}.Release|x86.ActiveCfg = Release|Win32
		{A69A008D-1E45-4D2B-88F0-32BD6E48F452}.Release|x86.Build.0 = Release|Win32
		{B51BE250-D348-4BA9-B7B2-247F9150C9B3}.Debug_Unicode|x64.ActiveCfg = Debug|x64
		{B51BE250-D348-4BA9-B7B2-247F9150C9B3}.Debug_Unicode|x64.Build.0 = Debug|x64
		{B51BE250-D348-4BA9-B7B2-247F9150C9B3}.Debug_Unicode|x86.ActiveCfg = Debug|Win32
		{B51BE250-D348-4BA9-B7B2-247F9150C9B3}.Debug_Unicode|x86.Build.0 = Debug|Win32
		{B51BE250-D348-4BA9-B7B2-247F9150C9B3}.Debug|x64.ActiveCfg = Debug|x64
		{B51BE250-D348-4BA9-B7B2-247F9150C9B3}.Debug|x64.Build.0 = Debug|x64
		{B51BE250-D348-4BA9-B7B2-247F9150C9B3}.Debug|x86.ActiveCfg = Debug|Win32
		{B51BE250-D348-4BA9-B7B2-247F9150C9B3}.Debug|x86.Build.0 = Debug|Win32
		{B51BE250-D348-4BA9-B7B2-247F9150C9B3}.Release_Unicode|x64.ActiveCfg = Release|x64
		{B51BE250-D348-4BA9-B7B2-247F9150C9B3}.Release_Unicode|x64.Build.0 = Release|x64
		{B51BE250-D348-4BA9-B7B2-247F9150C9B3}.Release_Unicode|x86.ActiveCfg = Release|Win32
		{B51BE250-D348-4BA9-B7B2-247F9150C9B3}.Release_Unicode|x86.Build.0 = Release|Win32
		{B51BE250-D348-4BA9-B7B2-247F9150C9B3}.Release|x64.ActiveCfg = Release|x64
		{B51BE250-D348-4BA9-B7B2-247F9150C9B3}.Release|x64.Build.0 = Release|x64
		{B51BE250-D348-4BA9-B7B2-247F9150C9B3}.Release|x86.ActiveCfg = Release|Win32
		{B51BE250-D348-4BA9-B7B2-247F9150C9B3}.Release|x86.Build.0 = Release|Win32
		{7C7B6F4B-451F-470B-B76C-DDB00BA7F9BF}.Debug_Unicode|x64.ActiveCfg = Debug|x64
		{7C7B6F4B-451F-470B-B76C-DDB00BA7F9BF}.Debug_Unicode|x64.Build.0 = Debug|x64
		{7C7B6F4B-451F-470B-B76C-DDB00BA7F9BF}.Debug_Unicode|x86.ActiveCfg = Debug|Win32
		{7C7B6F4B-451F-470B-B76C-DDB00BA7F9BF}.Debug_Unicode|x86.Build.0 = Debug|Win32
		{7C7B6F4B-451F-470B-B76C-DDB00BA7F9BF}.Debug|x64.ActiveCfg = Debug|x64
		{7C7B6F4B-451F-470B-B76C-DDB00BA7F9BF}.Debug|x64.Build.0 = Debug|x64
		{7C7B6F4B-451F-470B-B76C-DDB00BA7F9BF}.Debug|x86.ActiveCfg = Debug|Win32
		{7C7B6F4B-451F-470B-B76C-DDB00BA7F9BF}.Debug|x86.Build.0 = Debug|Win32
		{7C7B6F4B-451F-470B-B76C-DDB00BA7F9BF}.Release_Unicode|x64.ActiveCfg = Release|x64
		{7C7B6F4B-451F-470B-B76C-DDB00BA7F9BF}.Release_Unicode|x64.Build.0 = Release|x64
		{7C7B6F4B-451F-470B-B76C-DDB00BA7F9BF}.Release_Unicode|x86.ActiveCfg = Release|Win32
		{7C7B6F4B-451F-470B-B76C-DDB00BA7F9BF}.Release_Unicode|x86.Build.0 = Release|Win32
		{7C7B6F4B-451F-470B-B76C-DDB00BA7F9BF}.Release|x64.ActiveCfg = Release|x64
		{7C7B6F4B-451F-470B-B76C-DDB00BA7F9BF}.Release|x64.Build.0 = Release|x64
		{7C7B6F4B-451F-470B-B76C-DDB00BA7F9BF}.Release|x86.ActiveCfg = Release|Win32
		{7C7B6F4B-451F-470B-B76C-DDB00BA7F9BF}.Release|x86.Build.0 = Release|Win32
		{CCC5F26B-2AA0-43FF-B7D4-BEACD95C35EA}.Debug_Unicode|x64.ActiveCfg = Debug|x64
		{CCC5F26B-2AA0-43FF-B7D4-BEACD95C35EA}.Debug_Unicode|x64.Build.0 = Debug|x64
		{CCC5F26B-2AA0-43FF-B7D4-BEACD95C35EA}.Debug_Unicode|x86.ActiveCfg = Debug|Win32
		{CCC5F26B-2AA0-43FF-B7D4-BEACD95C35EA}.Debug_Unicode|x86.Build.0 = Debug|Win32
		{CCC5F26B-2AA0-43FF-B7D4-BEACD95C35EA}.Debug|x64.ActiveCfg = Debug|x64
		{CCC5F26B-2AA0-43FF-B7D4-BEACD95C35EA}.Debug|x64.Build.0 = Debug|x64
		{CCC5F26B-2AA0-43FF-B7D4-BEACD95C35EA}.Debug|x86.ActiveCfg = Debug|Win32
		{CCC5F26B-2AA0-43FF-B7D4-BEACD95C35EA}.Debug|x86.Build.0 = Debug|Win32
		{CCC5F26B-2AA0-43FF-B7D4-BEACD95C35EA}.Release_Unicode|x64.ActiveCfg = Release|x64
		{CCC5F26B-2AA0-43FF-B7D4-BEACD95C35EA}.Release_Unicode|x64.Build.0 = Release|x64
		{CCC5F26B-2AA0-43FF-B7D4-BEACD95C35EA}.Release_Unicode|x86.ActiveCfg = Release|Win32
		{CCC5F26B-2AA0-43FF-B7D4-BEACD95C35EA}.Release_Unicode|x86.Build.0 = Release|Win32
		{CCC5F26B-2AA0-43FF-B7D4-BEACD95C35EA}.Release|x64.ActiveCfg = Release|x64
		{CCC5F26B-2AA0-43FF-B7D4-BEACD95C35EA}.Release|x64.Build.0 = Release|x64
		{CCC5F26B-2AA0-43FF-B7D4-BEACD95C35EA}.Release|x86.ActiveCfg = Release|Win32
		{CCC5F26B-2AA0-43FF-B7D4-BEACD95C35EA}.Release|x86.Build.0 = Release|Win32
		{F998E15A-8E97-48EC-8563-90FBB523B674}.Debug_Unicode|x64.ActiveCfg = Debug|x64
		{F998E15A-8E97-48EC-8563-90FBB523B674}.Debug_Unicode|x64.Build.0 = Debug|x64
		{F998E15A-8E97-48EC-8563-90FBB523B674}.Debug_Unicode|x86.ActiveCfg = Debug|Win32
		{F998E15A-8E97-48EC-8563-90FBB523B674}.Debug_Unicode|x86.Build.0 = Debug|Win32
		{F998E15A-8E97-48EC-8563-90FBB523B674}.Debug|x64.ActiveCfg = Debug|x64
		{F998E15A-8E97-48EC-8563-90FBB523B674}.Debug|x64.Build.0 = Debug|x64
		{F998E15A-8E97-48EC-8563-90FBB523B674}.Debug|x86.ActiveCfg = Debug|Win32
		{F998E15A-8E97-48EC-8563-90FBB523B674}.Debug|x86.Build.0 = Debug|Win32
		{F998E15A-8E97-48EC-8563-90FBB523B674}.Release_Unicode|x64.ActiveCfg = Release|x64
		{F998E15A-8E97-48EC-8563-90FBB523B674}.Release_Unicode|x64.Build.0 = Release|x64
		{F998E15A-8E97-48EC-8563-90FBB523B674}.Release_Unicode|x86.ActiveCfg = Release|Win32
		{F998E15A-8E97-48EC-8563-90FBB523B674}.Release_Unicode|x86.Build.0 = Release|Win32
		{F998E15A-8E97-48EC-8563-90FBB523B674}.Release|x64.ActiveCfg = Release|x64
		{F998E15A-8E97-48EC-8563-90FBB523B674}.Release|x64.Build.0 = Release|x64
		{F998E15A-8E97-48EC-8563-90FBB523B674}.Release|x86.ActiveCfg = Release|Win32
		{F998E15A-8E97-48EC-8563-90FBB523B674}.Release|x86.Build.0 = Release|Win32
		{46B1728B-44FF-453E-823F-22E88226364D}.Debug_Unicode|x64.ActiveCfg = Debug|x64
		{46B1728B-44FF-453E-823F-22E88226364D}.Debug_Unicode|x64.Build.0 = Debug|x64
		{46B1728B-44FF-453E-823F-22E88226364D}.Debug_Unicode|x86.ActiveCfg = Debug|Win32
		{46B1728B-44FF-453E-823F-22E88226364D}.Debug_Unicode|x86.Build.0 = Debug|Win32
		{46B1728B-44FF-453E-823F-22E88226364D}.Debug|x64.ActiveCfg = Debug|x64
		{46B1728B-44FF-453E-823F-22E88226364D}.Debug|x64.Build.0 = Debug|x64
		{46B1728B-44FF-453E-823F-22E88226364D}.Debug|x86.ActiveCfg = Debug|Win32
		{46B1728B-44FF-453E-823F-22E88226364D}.Debug|x86.Build.0 = Debug|Win32
		{46B1728B-44FF-453E-823F-22E88226364D}.Release_Unicode|x64.ActiveCfg = Release|x64
		{46B1728B-44FF-453E-823F-22E88226364D}.Release_Unicode|x64.Build.0 = Release|x64
		{46B1728B-44FF-453E-823F-22E88226364D}.Release_Unicode|x86.ActiveCfg = Release|Win32
		{46B1728B-44FF-453E-823F-22E88226364D}.Release_Unicode|x86.Build.0 = Release|Win32
		{46B1728B-44FF-453E-823F-22E88226364D}.Release|x64.ActiveCfg = Release|x64
		{46B1728B-44FF-453E-823F-22E88226364D}.Release|x64.Build.0 = Release|x64
		{46B1728B-44FF-453E-823F-22E88226364D}.Release|x86.ActiveCfg = Release|Win32
		{46B1728B-44FF-453E-823F-22E88226364D}.Release|x86.Build.0 = Release|Win32
		{17C4424B-8B7E-41B7-98B6-861AFC900DC7}.Debug_Unicode|x64.ActiveCfg = Debug|x64
		{17C4424B-8B7E-41B7-98B6-861AFC900DC7}.Debug_Unicode|x64.Build.0 = Debug|x64
		{17C4424B-8B7E-41B7-98B6-861AFC900DC7}.Debug_Unicode|x86.ActiveCfg = Debug|Win32
		{17C4424B-8B7E-41B7-98B6-861AFC900DC7}.Debug_Unicode|x86.Build.0 = Debug|Win32
		{17C4424B-8B7E-41B7-98B6-861AFC900DC7}.Debug|x64.ActiveCfg = Debug|x64
		{17C4424B-8B7E-41B7-98B6-861AFC900DC7}.Debug|x64.Build.0 = Debug|x64
		{17C4424B-8B7E-41B7-98B6-861AFC900DC7}.Debug|x86.ActiveCfg = Debug|Win32
		{17C4424B-8B7E-41B7-98B6-861AFC900DC7}.Debug|x86.Build.0 = Debug|Win32
		{17C4424B-8B7E-41B7-98B6-861AFC900DC7}.Release_Unicode|x64.ActiveCfg = Release|x64
		{17C4424B-8B7E-41B7-98B6-861AFC900DC7}.Release_Unicode|x64.Build.0 = Release|x64
		{17C4424B-8B7E-41B7-98B6-861AFC900DC7}.Release_Unicode|x86.ActiveCfg = Release|Win32
		{17C4424B-8B7E-41B7-98B6-861AFC900DC7}.Release_Unicode|x86.Build.0 = Release|Win32
		{17C4424B-8B7E-41B7-98B6-861AFC900DC7}.Release|x64.ActiveCfg = Release|x64
		{17C4424B-8B7E-41B7-98B6-861AFC900DC7}.Release|x64.Build.0 = Release|x64
		{17C4424B-8B7E-41B7-98B6-861AFC900DC7}.Release|x86.ActiveCfg = Release|Win32
		{17C4424B-8B7E-41B7-98B6-861AFC900DC7}.Release|x86.Build.0 = Release|Win32
		{EF058030-0183-4820-899E-F8390036EBD7}.Debug_Unicode|x64.ActiveCfg = Debug|x64
		{EF058030-0183-4820-899E-F8390036EBD7}.Debug_Unicode|x64.Build.0 = Debug|x64
		{EF058030-0183-4820-899E-F8390036EBD7}.Debug_Unicode|x86.ActiveCfg = Debug|Win32
		{EF058030-0183-4820-899E-F8390036EBD7}.Debug_Unicode|x86.Build.0 = Debug|Win32
		{EF058030-0183-4820-899E-F8390036EBD7}.Debug|x64.ActiveCfg = Debug|x64
		{EF058030-0183-4820-899E-F8390036EBD7}.Debug|x64.Build.0 = Debug|x64
		{EF058030-0183-4820-899E-F8390036EBD7}.Debug|x86.ActiveCfg = Debug|Win32
		{EF058030-0183-4820-899E-F8390036EBD7}.Debug|x86.Build.0 = Debug|Win32
		{EF058030-0183-4820-899E-F8390036EBD7}.Release_Unicode|x64.ActiveCfg = Release|x64
		{EF058030-0183-4820-899E-F8390036EBD7}.Release_Unicode|x64.Build.0 = Release|x64
		{EF058030-0183-4820-899E-F8390036EBD7}.Release_Unicode|x86.ActiveCfg = Release|Win32
		{EF058030-0183-4820-899E-F8390036EBD7}.Release_Unicode|x86.Build.0 = Release|Win32
		{EF058030-0183-4820-899E-F8390036EBD7}.Release|x64.ActiveCfg = Release|x64
		{EF058030-0183-4820-899E-F8390036EBD7}.Release|x64.Build.0 = Release|x64
		{EF058030-0183-4820-899E-F8390036EBD7}.Release|x86.ActiveCfg = Release|Win32
		{EF058030-0183-4820-899E-F8390036EBD7}.Release|x86.Build.0 = Release|Win32
	EndGlobalSection
	GlobalSection(SolutionProperties) = preSolution
		HideSolutionNode = FALSE
	EndGlobalSection
	GlobalSection(NestedProjects) = preSolution
		{710004AD-BD18-4DCD-93DA-19735408155C} = {043D21D8-AD7E-4206-A8E6-6E97366A6373}
		{A69A008D-1E45-4D2B-88F0-32BD6E48F452} = {043D21D8-AD7E-4206-A8E6-6E97366A6373}
		{B51BE250-D348-4BA9-B7B2-247F9150C9B3} = {043D21D8-AD7E-4206-A8E6-6E97366A6373}
		{7C7B6F4B-451F-470B-B76C-DDB00BA7F9BF} = {043D21D8-AD7E-4206-A8E6-6E97366A6373}
		{CCC5F26B-2AA0-43FF-B7D4-BEACD95C35EA} = {043D21D8-AD7E-4206-A8E6-6E97366A6373}
		{F998E15A-8E97-48EC-8563-90FBB523B674} = {043D21D8-AD7E-4206-A8E6-6E97366A6373}
		{46B1728B-44FF-453E-823F-22E88226364D} = {043D21D8-AD7E-4206-A8E6-6E97366A6373}
		{17C4424B-8B7E-41B7-98B6-861AFC900DC7} = {043D21D8-AD7E-4206-A8E6-6E97366A6373}
		{EF058030-0183-4820-899E-F8390036EBD7} = {043D21D8-AD7E-4206-A8E6-6E97366A6373}
	EndGlobalSection
	GlobalSection(ExtensibilityGlobals) = postSolution
		SolutionGuid = {0D2F1DAC-CBE6-43A7-AC6A-CC5E07C0752C}
	EndGlobalSection
EndGlobal
