<?xml version="1.0" encoding="utf-8"?>
<Project ToolsVersion="4.0" xmlns="http://schemas.microsoft.com/developer/msbuild/2003">
  <ItemGroup>
    <ClCompile Include="appender.cxx">
      <Filter>Source Files</Filter>
    </ClCompile>
    <ClCompile Include="appenderattachableimpl.cxx">
      <Filter>Source Files</Filter>
    </ClCompile>
    <ClCompile Include="asyncappender.cxx">
      <Filter>Source Files</Filter>
    </ClCompile>
    <ClCompile Include="callbackappender.cxx">
      <Filter>Source Files</Filter>
    </ClCompile>
    <ClCompile Include="clogger.cxx">
      <Filter>Source Files</Filter>
    </ClCompile>
    <ClCompile Include="configurator.cxx">
      <Filter>Source Files</Filter>
    </ClCompile>
    <ClCompile Include="connectorthread.cxx">
      <Filter>Source Files</Filter>
    </ClCompile>
    <ClCompile Include="consoleappender.cxx">
      <Filter>Source Files</Filter>
    </ClCompile>
    <ClCompile Include="cygwin-win32.cxx">
      <Filter>Source Files</Filter>
    </ClCompile>
    <ClCompile Include="env.cxx">
      <Filter>Source Files</Filter>
    </ClCompile>
    <ClCompile Include="factory.cxx">
      <Filter>Source Files</Filter>
    </ClCompile>
    <ClCompile Include="fileappender.cxx">
      <Filter>Source Files</Filter>
    </ClCompile>
    <ClCompile Include="fileinfo.cxx">
      <Filter>Source Files</Filter>
    </ClCompile>
    <ClCompile Include="filter.cxx">
      <Filter>Source Files</Filter>
    </ClCompile>
    <ClCompile Include="global-init.cxx">
      <Filter>Source Files</Filter>
    </ClCompile>
    <ClCompile Include="hierarchy.cxx">
      <Filter>Source Files</Filter>
    </ClCompile>
    <ClCompile Include="hierarchylocker.cxx">
      <Filter>Source Files</Filter>
    </ClCompile>
    <ClCompile Include="layout.cxx">
      <Filter>Source Files</Filter>
    </ClCompile>
    <ClCompile Include="lockfile.cxx">
      <Filter>Source Files</Filter>
    </ClCompile>
    <ClCompile Include="log4judpappender.cxx">
      <Filter>Source Files</Filter>
    </ClCompile>
    <ClCompile Include="logger.cxx">
      <Filter>Source Files</Filter>
    </ClCompile>
    <ClCompile Include="loggerimpl.cxx">
      <Filter>Source Files</Filter>
    </ClCompile>
    <ClCompile Include="loggingevent.cxx">
      <Filter>Source Files</Filter>
    </ClCompile>
    <ClCompile Include="loggingmacros.cxx">
      <Filter>Source Files</Filter>
    </ClCompile>
    <ClCompile Include="loglevel.cxx">
      <Filter>Source Files</Filter>
    </ClCompile>
    <ClCompile Include="loglog.cxx">
      <Filter>Source Files</Filter>
    </ClCompile>
    <ClCompile Include="mdc.cxx">
      <Filter>Source Files</Filter>
    </ClCompile>
    <ClCompile Include="ndc.cxx">
      <Filter>Source Files</Filter>
    </ClCompile>
    <ClCompile Include="nteventlogappender.cxx">
      <Filter>Source Files</Filter>
    </ClCompile>
    <ClCompile Include="nullappender.cxx">
      <Filter>Source Files</Filter>
    </ClCompile>
    <ClCompile Include="objectregistry.cxx">
      <Filter>Source Files</Filter>
    </ClCompile>
    <ClCompile Include="patternlayout.cxx">
      <Filter>Source Files</Filter>
    </ClCompile>
    <ClCompile Include="pointer.cxx">
      <Filter>Source Files</Filter>
    </ClCompile>
    <ClCompile Include="property.cxx">
      <Filter>Source Files</Filter>
    </ClCompile>
    <ClCompile Include="queue.cxx">
      <Filter>Source Files</Filter>
    </ClCompile>
    <ClCompile Include="rootlogger.cxx">
      <Filter>Source Files</Filter>
    </ClCompile>
    <ClCompile Include="snprintf.cxx">
      <Filter>Source Files</Filter>
    </ClCompile>
    <ClCompile Include="socket.cxx">
      <Filter>Source Files</Filter>
    </ClCompile>
    <ClCompile Include="socketappender.cxx">
      <Filter>Source Files</Filter>
    </ClCompile>
    <ClCompile Include="socketbuffer.cxx">
      <Filter>Source Files</Filter>
    </ClCompile>
    <ClCompile Include="socket-unix.cxx">
      <Filter>Source Files</Filter>
    </ClCompile>
    <ClCompile Include="socket-win32.cxx">
      <Filter>Source Files</Filter>
    </ClCompile>
    <ClCompile Include="stringhelper.cxx">
      <Filter>Source Files</Filter>
    </ClCompile>
    <ClCompile Include="stringhelper-clocale.cxx">
      <Filter>Source Files</Filter>
    </ClCompile>
    <ClCompile Include="stringhelper-cxxlocale.cxx">
      <Filter>Source Files</Filter>
    </ClCompile>
    <ClCompile Include="stringhelper-iconv.cxx">
      <Filter>Source Files</Filter>
    </ClCompile>
    <ClCompile Include="syncprims.cxx">
      <Filter>Source Files</Filter>
    </ClCompile>
    <ClCompile Include="syslogappender.cxx">
      <Filter>Source Files</Filter>
    </ClCompile>
    <ClCompile Include="threads.cxx">
      <Filter>Source Files</Filter>
    </ClCompile>
    <ClCompile Include="timehelper.cxx">
      <Filter>Source Files</Filter>
    </ClCompile>
    <ClCompile Include="tls.cxx">
      <Filter>Source Files</Filter>
    </ClCompile>
    <ClCompile Include="version.cxx">
      <Filter>Source Files</Filter>
    </ClCompile>
    <ClCompile Include="win32consoleappender.cxx">
      <Filter>Source Files</Filter>
    </ClCompile>
    <ClCompile Include="win32debugappender.cxx">
      <Filter>Source Files</Filter>
    </ClCompile>
  </ItemGroup>
  <ItemGroup>
    <None Include="logging.debug.props" />
    <None Include="logging.props" />
    <None Include="logging.release.props" />
  </ItemGroup>
  <ItemGroup>
    <Filter Include="Header Files">
      <UniqueIdentifier>{c58270f9-e98e-409b-ad32-156ae2707f25}</UniqueIdentifier>
    </Filter>
    <Filter Include="Source Files">
      <UniqueIdentifier>{6901b540-5e2d-4258-a383-4347bc53d778}</UniqueIdentifier>
    </Filter>
    <Filter Include="Header Files\config">
      <UniqueIdentifier>{66e8db9e-7a88-4bf0-9697-7c132dbce284}</UniqueIdentifier>
    </Filter>
    <Filter Include="Header Files\helpers">
      <UniqueIdentifier>{01ba34e9-4030-494d-a668-60a5c69811be}</UniqueIdentifier>
    </Filter>
    <Filter Include="Header Files\internal">
      <UniqueIdentifier>{bff2fae4-4543-4769-8474-e04738835724}</UniqueIdentifier>
    </Filter>
    <Filter Include="Header Files\spi">
      <UniqueIdentifier>{d25b50fa-2bbc-4f05-8d9c-a53ab715c578}</UniqueIdentifier>
    </Filter>
    <Filter Include="Header Files\thread">
      <UniqueIdentifier>{8f2e1df0-52fb-4ac3-a1ec-70c37d7cd83f}</UniqueIdentifier>
    </Filter>
    <Filter Include="Header Files\thread\impl">
      <UniqueIdentifier>{d45465bc-bce5-4467-994a-a61a151a397d}</UniqueIdentifier>
    </Filter>
  </ItemGroup>
  <ItemGroup>
    <ClInclude Include="..\include\logging\config\macosx.h">
      <Filter>Header Files\config</Filter>
    </ClInclude>
    <ClInclude Include="..\include\logging\config\win32.h">
      <Filter>Header Files\config</Filter>
    </ClInclude>
    <ClInclude Include="..\include\logging\config\windowsh-inc.h">
      <Filter>Header Files\config</Filter>
    </ClInclude>
    <ClInclude Include="..\include\logging\config\windowsh-inc-full.h">
      <Filter>Header Files\config</Filter>
    </ClInclude>
    <ClInclude Include="..\include\logging\helpers\appenderattachableimpl.h">
      <Filter>Header Files\helpers</Filter>
    </ClInclude>
    <ClInclude Include="..\include\logging\helpers\connectorthread.h">
      <Filter>Header Files\helpers</Filter>
    </ClInclude>
    <ClInclude Include="..\include\logging\helpers\fileinfo.h">
      <Filter>Header Files\helpers</Filter>
    </ClInclude>
    <ClInclude Include="..\include\logging\helpers\lockfile.h">
      <Filter>Header Files\helpers</Filter>
    </ClInclude>
    <ClInclude Include="..\include\logging\helpers\loglog.h">
      <Filter>Header Files\helpers</Filter>
    </ClInclude>
    <ClInclude Include="..\include\logging\helpers\pointer.h">
      <Filter>Header Files\helpers</Filter>
    </ClInclude>
    <ClInclude Include="..\include\logging\helpers\property.h">
      <Filter>Header Files\helpers</Filter>
    </ClInclude>
    <ClInclude Include="..\include\logging\helpers\queue.h">
      <Filter>Header Files\helpers</Filter>
    </ClInclude>
    <ClInclude Include="..\include\logging\helpers\snprintf.h">
      <Filter>Header Files\helpers</Filter>
    </ClInclude>
    <ClInclude Include="..\include\logging\helpers\socket.h">
      <Filter>Header Files\helpers</Filter>
    </ClInclude>
    <ClInclude Include="..\include\logging\helpers\socketbuffer.h">
      <Filter>Header Files\helpers</Filter>
    </ClInclude>
    <ClInclude Include="..\include\logging\helpers\stringhelper.h">
      <Filter>Header Files\helpers</Filter>
    </ClInclude>
    <ClInclude Include="..\include\logging\helpers\thread-config.h">
      <Filter>Header Files\helpers</Filter>
    </ClInclude>
    <ClInclude Include="..\include\logging\helpers\timehelper.h">
      <Filter>Header Files\helpers</Filter>
    </ClInclude>
    <ClInclude Include="..\include\logging\internal\customloglevelmanager.h">
      <Filter>Header Files\internal</Filter>
    </ClInclude>
    <ClInclude Include="..\include\logging\internal\cygwin-win32.h">
      <Filter>Header Files\internal</Filter>
    </ClInclude>
    <ClInclude Include="..\include\logging\internal\env.h">
      <Filter>Header Files\internal</Filter>
    </ClInclude>
    <ClInclude Include="..\include\logging\internal\internal.h">
      <Filter>Header Files\internal</Filter>
    </ClInclude>
    <ClInclude Include="..\include\logging\internal\socket.h">
      <Filter>Header Files\internal</Filter>
    </ClInclude>
    <ClInclude Include="..\include\logging\thread\syncprims.h">
      <Filter>Header Files\thread</Filter>
    </ClInclude>
    <ClInclude Include="..\include\logging\thread\syncprims-pub-impl.h">
      <Filter>Header Files\thread</Filter>
    </ClInclude>
    <ClInclude Include="..\include\logging\thread\threads.h">
      <Filter>Header Files\thread</Filter>
    </ClInclude>
    <ClInclude Include="..\include\logging\thread\impl\syncprims-cxx11.h">
      <Filter>Header Files\thread\impl</Filter>
    </ClInclude>
    <ClInclude Include="..\include\logging\thread\impl\syncprims-impl.h">
      <Filter>Header Files\thread\impl</Filter>
    </ClInclude>
    <ClInclude Include="..\include\logging\thread\impl\syncprims-pmsm.h">
      <Filter>Header Files\thread\impl</Filter>
    </ClInclude>
    <ClInclude Include="..\include\logging\thread\impl\threads-impl.h">
      <Filter>Header Files\thread\impl</Filter>
    </ClInclude>
    <ClInclude Include="..\include\logging\thread\impl\tls.h">
      <Filter>Header Files\thread\impl</Filter>
    </ClInclude>
    <ClInclude Include="..\include\logging\spi\appenderattachable.h">
      <Filter>Header Files\spi</Filter>
    </ClInclude>
    <ClInclude Include="..\include\logging\spi\factory.h">
      <Filter>Header Files\spi</Filter>
    </ClInclude>
    <ClInclude Include="..\include\logging\spi\filter.h">
      <Filter>Header Files\spi</Filter>
    </ClInclude>
    <ClInclude Include="..\include\logging\spi\loggerfactory.h">
      <Filter>Header Files\spi</Filter>
    </ClInclude>
    <ClInclude Include="..\include\logging\spi\loggerimpl.h">
      <Filter>Header Files\spi</Filter>
    </ClInclude>
    <ClInclude Include="..\include\logging\spi\loggingevent.h">
      <Filter>Header Files\spi</Filter>
    </ClInclude>
    <ClInclude Include="..\include\logging\spi\objectregistry.h">
      <Filter>Header Files\spi</Filter>
    </ClInclude>
    <ClInclude Include="..\include\logging\spi\rootlogger.h">
      <Filter>Header Files\spi</Filter>
    </ClInclude>
    <ClInclude Include="..\include\logging\appender.h">
      <Filter>Header Files</Filter>
    </ClInclude>
    <ClInclude Include="..\include\logging\asyncappender.h">
      <Filter>Header Files</Filter>
    </ClInclude>
    <ClInclude Include="..\include\logging\callbackappender.h">
      <Filter>Header Files</Filter>
    </ClInclude>
    <ClInclude Include="..\include\logging\catch.hpp">
      <Filter>Header Files</Filter>
    </ClInclude>
    <ClInclude Include="..\include\logging\clogger.h">
      <Filter>Header Files</Filter>
    </ClInclude>
    <ClInclude Include="..\include\logging\config.hxx">
      <Filter>Header Files</Filter>
    </ClInclude>
    <ClInclude Include="..\include\logging\configurator.h">
      <Filter>Header Files</Filter>
    </ClInclude>
    <ClInclude Include="..\include\logging\consoleappender.h">
      <Filter>Header Files</Filter>
    </ClInclude>
    <ClInclude Include="..\include\logging\fileappender.h">
      <Filter>Header Files</Filter>
    </ClInclude>
    <ClInclude Include="..\include\logging\fstreams.h">
      <Filter>Header Files</Filter>
    </ClInclude>
    <ClInclude Include="..\include\logging\hierarchy.h">
      <Filter>Header Files</Filter>
    </ClInclude>
    <ClInclude Include="..\include\logging\hierarchylocker.h">
      <Filter>Header Files</Filter>
    </ClInclude>
    <ClInclude Include="..\include\logging\initializer.h">
      <Filter>Header Files</Filter>
    </ClInclude>
    <ClInclude Include="..\include\logging\layout.h">
      <Filter>Header Files</Filter>
    </ClInclude>
    <ClInclude Include="..\include\logging\log4judpappender.h">
      <Filter>Header Files</Filter>
    </ClInclude>
    <ClInclude Include="..\include\logging\logger.h">
      <Filter>Header Files</Filter>
    </ClInclude>
    <ClInclude Include="..\include\logging\loggingmacros.h">
      <Filter>Header Files</Filter>
    </ClInclude>
    <ClInclude Include="..\include\logging\loglevel.h">
      <Filter>Header Files</Filter>
    </ClInclude>
    <ClInclude Include="..\include\logging\mdc.h">
      <Filter>Header Files</Filter>
    </ClInclude>
    <ClInclude Include="..\include\logging\ndc.h">
      <Filter>Header Files</Filter>
    </ClInclude>
    <ClInclude Include="..\include\logging\nteventlogappender.h">
      <Filter>Header Files</Filter>
    </ClInclude>
    <ClInclude Include="..\include\logging\nullappender.h">
      <Filter>Header Files</Filter>
    </ClInclude>
    <ClInclude Include="..\include\logging\socketappender.h">
      <Filter>Header Files</Filter>
    </ClInclude>
    <ClInclude Include="..\include\logging\streams.h">
      <Filter>Header Files</Filter>
    </ClInclude>
    <ClInclude Include="..\include\logging\syslogappender.h">
      <Filter>Header Files</Filter>
    </ClInclude>
    <ClInclude Include="..\include\logging\tchar.h">
      <Filter>Header Files</Filter>
    </ClInclude>
    <ClInclude Include="..\include\logging\threadpool.hpp">
      <Filter>Header Files</Filter>
    </ClInclude>
    <ClInclude Include="..\include\logging\tracelogger.h">
      <Filter>Header Files</Filter>
    </ClInclude>
    <ClInclude Include="..\include\logging\tstring.h">
      <Filter>Header Files</Filter>
    </ClInclude>
    <ClInclude Include="..\include\logging\version.h">
      <Filter>Header Files</Filter>
    </ClInclude>
    <ClInclude Include="..\include\logging\win32consoleappender.h">
      <Filter>Header Files</Filter>
    </ClInclude>
    <ClInclude Include="..\include\logging\win32debugappender.h">
      <Filter>Header Files</Filter>
    </ClInclude>
    <ClInclude Include="..\include\logging\logging.h">
      <Filter>Header Files</Filter>
    </ClInclude>
  </ItemGroup>
</Project>